
Microsoft Visual Studio Solution File, Format Version 12.00
# Visual Studio Version 17
VisualStudioVersion = 17.10.35027.167
MinimumVisualStudioVersion = 10.0.40219.1
Project("{8BC9CEB8-8B4A-11D0-8D11-00A0C91BC942}") = "Assignment1_part2", "assignment1_part2.vcxproj", "{442E7EA4-F0B9-4012-B08F-F6AA22FFAE24}"
EndProject
Global
	GlobalSection(SolutionConfigurationPlatforms) = preSolution
		Debug|x64 = Debug|x64
		Debug|x86 = Debug|x86
		Release|x64 = Release|x64
		Release|x86 = Release|x86
	EndGlobalSection
	GlobalSection(ProjectConfigurationPlatforms) = postSolution
		{442E7EA4-F0B9-4012-B08F-F6AA22FFAE24}.Debug|x64.ActiveCfg = Debug|x64
		{442E7EA4-F0B9-4012-B08F-F6AA22FFAE24}.Debug|x64.Build.0 = Debug|x64
		{442E7EA4-F0B9-4012-B08F-F6AA22FFAE24}.Debug|x86.ActiveCfg = Debug|Win32
		{442E7EA4-F0B9-4012-B08F-F6AA22FFAE24}.Debug|x86.Build.0 = Debug|Win32
		{442E7EA4-F0B9-4012-B08F-F6AA22FFAE24}.Release|x64.ActiveCfg = Release|x64
		{442E7EA4-F0B9-4012-B08F-F6AA22FFAE24}.Release|x64.Build.0 = Release|x64
		{442E7EA4-F0B9-4012-B08F-F6AA22FFAE24}.Release|x86.ActiveCfg = Release|Win32
		{442E7EA4-F0B9-4012-B08F-F6AA22FFAE24}.Release|x86.Build.0 = Release|Win32
	EndGlobalSection
	GlobalSection(SolutionProperties) = preSolution
		HideSolutionNode = FALSE
	EndGlobalSection
	GlobalSection(ExtensibilityGlobals) = postSolution
		SolutionGuid = {7EAB028D-5961-469F-BFB0-AE614F934709}
	EndGlobalSection
EndGlobal
